
Microsoft Visual Studio Solution File, Format Version 12.00
# Visual Studio Version 17
VisualStudioVersion = 17.8.34330.188
MinimumVisualStudioVersion = 10.0.40219.1
Project("{FAE04EC0-301F-11D3-BF4B-00C04F79EFBC}") = "Kreas Editor", "Kreas Editor\Kreas Editor.csproj", "{A751C8B8-ACB8-4DA9-989F-38229719E2C7}"
EndProject
Project("{8BC9CEB8-8B4A-11D0-8D11-00A0C91BC942}") = "Kreas", "Kreas\Kreas.vcxproj", "{4CD15EB1-4331-40DA-9C01-89D14816212D}"
EndProject
Global
	GlobalSection(SolutionConfigurationPlatforms) = preSolution
		Debug|Any CPU = Debug|Any CPU
		Debug|x64 = Debug|x64
		Debug|x86 = Debug|x86
		Release|Any CPU = Release|Any CPU
		Release|x64 = Release|x64
		Release|x86 = Release|x86
	EndGlobalSection
	GlobalSection(ProjectConfigurationPlatforms) = postSolution
		{4CD15EB1-4331-40DA-9C01-89D14816212D}.Debug|Any CPU.ActiveCfg = Debug|x64
		{4CD15EB1-4331-40DA-9C01-89D14816212D}.Debug|Any CPU.Build.0 = Debug|x64
		{4CD15EB1-4331-40DA-9C01-89D14816212D}.Debug|x64.ActiveCfg = Debug|x64
		{4CD15EB1-4331-40DA-9C01-89D14816212D}.Debug|x64.Build.0 = Debug|x64
		{4CD15EB1-4331-40DA-9C01-89D14816212D}.Debug|x86.ActiveCfg = Debug|Win32
		{4CD15EB1-4331-40DA-9C01-89D14816212D}.Debug|x86.Build.0 = Debug|Win32
		{4CD15EB1-4331-40DA-9C01-89D14816212D}.Release|Any CPU.ActiveCfg = Release|x64
		{4CD15EB1-4331-40DA-9C01-89D14816212D}.Release|Any CPU.Build.0 = Release|x64
		{4CD15EB1-4331-40DA-9C01-89D14816212D}.Release|x64.ActiveCfg = Release|x64
		{4CD15EB1-4331-40DA-9C01-89D14816212D}.Release|x64.Build.0 = Release|x64
		{4CD15EB1-4331-40DA-9C01-89D14816212D}.Release|x86.ActiveCfg = Release|Win32
		{4CD15EB1-4331-40DA-9C01-89D14816212D}.Release|x86.Build.0 = Release|Win32
		{A751C8B8-ACB8-4DA9-989F-38229719E2C7}.Debug|Any CPU.ActiveCfg = Debug|Any CPU
		{A751C8B8-ACB8-4DA9-989F-38229719E2C7}.Debug|Any CPU.Build.0 = Debug|Any CPU
		{A751C8B8-ACB8-4DA9-989F-38229719E2C7}.Debug|x64.ActiveCfg = Debug|Any CPU
		{A751C8B8-ACB8-4DA9-989F-38229719E2C7}.Debug|x64.Build.0 = Debug|Any CPU
		{A751C8B8-ACB8-4DA9-989F-38229719E2C7}.Debug|x86.ActiveCfg = Debug|Any CPU
		{A751C8B8-ACB8-4DA9-989F-38229719E2C7}.Debug|x86.Build.0 = Debug|Any CPU
		{A751C8B8-ACB8-4DA9-989F-38229719E2C7}.Release|Any CPU.ActiveCfg = Release|Any CPU
		{A751C8B8-ACB8-4DA9-989F-38229719E2C7}.Release|Any CPU.Build.0 = Release|Any CPU
		{A751C8B8-ACB8-4DA9-989F-38229719E2C7}.Release|x64.ActiveCfg = Release|Any CPU
		{A751C8B8-ACB8-4DA9-989F-38229719E2C7}.Release|x64.Build.0 = Release|Any CPU
		{A751C8B8-ACB8-4DA9-989F-38229719E2C7}.Release|x86.ActiveCfg = Release|Any CPU
		{A751C8B8-ACB8-4DA9-989F-38229719E2C7}.Release|x86.Build.0 = Release|Any CPU
	EndGlobalSection
	GlobalSection(SolutionProperties) = preSolution
		HideSolutionNode = FALSE
	EndGlobalSection
	GlobalSection(ExtensibilityGlobals) = postSolution
		SolutionGuid = {CC331E99-A908-4492-B6A5-61425CE0BCE6}
	EndGlobalSection
EndGlobal
